
Microsoft Visual Studio Solution File, Format Version 12.00
# Visual Studio 2013
VisualStudioVersion = 12.0.31101.0
MinimumVisualStudioVersion = 10.0.40219.1
Project("{FAE04EC0-301F-11D3-BF4B-00C04F79EFBC}") = "CheckUp2", "CheckUp2\CheckUp2.csproj", "{1CCD08B1-E36B-4CE2-B53C-019DFDCADFFD}"
EndProject
Project("{FAE04EC0-301F-11D3-BF4B-00C04F79EFBC}") = "CheckUp2Tests", "CheckUp2Tests\CheckUp2Tests.csproj", "{3E06CF81-FA97-4C20-AA2B-6E76FE03124B}"
	ProjectSection(ProjectDependencies) = postProject
		{1CCD08B1-E36B-4CE2-B53C-019DFDCADFFD} = {1CCD08B1-E36B-4CE2-B53C-019DFDCADFFD}
	EndProjectSection
EndProject
Global
	GlobalSection(SolutionConfigurationPlatforms) = preSolution
		Debug|Any CPU = Debug|Any CPU
		Release|Any CPU = Release|Any CPU
	EndGlobalSection
	GlobalSection(ProjectConfigurationPlatforms) = postSolution
		{1CCD08B1-E36B-4CE2-B53C-019DFDCADFFD}.Debug|Any CPU.ActiveCfg = Debug|Any CPU
		{1CCD08B1-E36B-4CE2-B53C-019DFDCADFFD}.Debug|Any CPU.Build.0 = Debug|Any CPU
		{1CCD08B1-E36B-4CE2-B53C-019DFDCADFFD}.Release|Any CPU.ActiveCfg = Release|Any CPU
		{1CCD08B1-E36B-4CE2-B53C-019DFDCADFFD}.Release|Any CPU.Build.0 = Release|Any CPU
		{3E06CF81-FA97-4C20-AA2B-6E76FE03124B}.Debug|Any CPU.ActiveCfg = Debug|Any CPU
		{3E06CF81-FA97-4C20-AA2B-6E76FE03124B}.Debug|Any CPU.Build.0 = Debug|Any CPU
		{3E06CF81-FA97-4C20-AA2B-6E76FE03124B}.Release|Any CPU.ActiveCfg = Release|Any CPU
		{3E06CF81-FA97-4C20-AA2B-6E76FE03124B}.Release|Any CPU.Build.0 = Release|Any CPU
	EndGlobalSection
	GlobalSection(SolutionProperties) = preSolution
		HideSolutionNode = FALSE
	EndGlobalSection
EndGlobal
